
Microsoft Visual Studio Solution File, Format Version 12.00
# Visual Studio Version 17
VisualStudioVersion = 17.0.31903.59
MinimumVisualStudioVersion = 10.0.40219.1
Project("{2150E333-8FDC-42A3-9474-1A3956D46DE8}") = "src", "src", "{827E0CD3-B72D-47B6-A68D-7590B98EB39B}"
EndProject
Project("{FAE04EC0-301F-11D3-BF4B-00C04F79EFBC}") = "HMS.Domain", "src\HMS.Domain\HMS.Domain.csproj", "{35FD6F62-4A5D-43D0-80D8-87AF1C1D6A6A}"
EndProject
Project("{FAE04EC0-301F-11D3-BF4B-00C04F79EFBC}") = "HMS.Application", "src\HMS.Application\HMS.Application.csproj", "{3E5295B5-C304-4431-86B5-CBF677EDCE2E}"
EndProject
Project("{FAE04EC0-301F-11D3-BF4B-00C04F79EFBC}") = "HMS.Infrastructure", "src\HMS.Infrastructure\HMS.Infrastructure.csproj", "{16A0E3B2-8E77-4474-A986-F4618BC741F5}"
EndProject
Project("{FAE04EC0-301F-11D3-BF4B-00C04F79EFBC}") = "HMS.API", "src\HMS.API\HMS.API.csproj", "{4D2DC9A8-089F-4686-9211-81AD930FF6DD}"
EndProject
Project("{2150E333-8FDC-42A3-9474-1A3956D46DE8}") = "tests", "tests", "{0AB3BF05-4346-4AA6-1389-037BE0695223}"
EndProject
Project("{FAE04EC0-301F-11D3-BF4B-00C04F79EFBC}") = "HMS.Tests", "tests\HMS.Tests\HMS.Tests.csproj", "{0EFF9A3B-27C5-43C0-BEA3-0DF6C29FE647}"
EndProject
Global
	GlobalSection(SolutionConfigurationPlatforms) = preSolution
		Debug|Any CPU = Debug|Any CPU
		Debug|x64 = Debug|x64
		Debug|x86 = Debug|x86
		Release|Any CPU = Release|Any CPU
		Release|x64 = Release|x64
		Release|x86 = Release|x86
	EndGlobalSection
	GlobalSection(ProjectConfigurationPlatforms) = postSolution
		{35FD6F62-4A5D-43D0-80D8-87AF1C1D6A6A}.Debug|Any CPU.ActiveCfg = Debug|Any CPU
		{35FD6F62-4A5D-43D0-80D8-87AF1C1D6A6A}.Debug|Any CPU.Build.0 = Debug|Any CPU
		{35FD6F62-4A5D-43D0-80D8-87AF1C1D6A6A}.Debug|x64.ActiveCfg = Debug|Any CPU
		{35FD6F62-4A5D-43D0-80D8-87AF1C1D6A6A}.Debug|x64.Build.0 = Debug|Any CPU
		{35FD6F62-4A5D-43D0-80D8-87AF1C1D6A6A}.Debug|x86.ActiveCfg = Debug|Any CPU
		{35FD6F62-4A5D-43D0-80D8-87AF1C1D6A6A}.Debug|x86.Build.0 = Debug|Any CPU
		{35FD6F62-4A5D-43D0-80D8-87AF1C1D6A6A}.Release|Any CPU.ActiveCfg = Release|Any CPU
		{35FD6F62-4A5D-43D0-80D8-87AF1C1D6A6A}.Release|Any CPU.Build.0 = Release|Any CPU
		{35FD6F62-4A5D-43D0-80D8-87AF1C1D6A6A}.Release|x64.ActiveCfg = Release|Any CPU
		{35FD6F62-4A5D-43D0-80D8-87AF1C1D6A6A}.Release|x64.Build.0 = Release|Any CPU
		{35FD6F62-4A5D-43D0-80D8-87AF1C1D6A6A}.Release|x86.ActiveCfg = Release|Any CPU
		{35FD6F62-4A5D-43D0-80D8-87AF1C1D6A6A}.Release|x86.Build.0 = Release|Any CPU
		{3E5295B5-C304-4431-86B5-CBF677EDCE2E}.Debug|Any CPU.ActiveCfg = Debug|Any CPU
		{3E5295B5-C304-4431-86B5-CBF677EDCE2E}.Debug|Any CPU.Build.0 = Debug|Any CPU
		{3E5295B5-C304-4431-86B5-CBF677EDCE2E}.Debug|x64.ActiveCfg = Debug|Any CPU
		{3E5295B5-C304-4431-86B5-CBF677EDCE2E}.Debug|x64.Build.0 = Debug|Any CPU
		{3E5295B5-C304-4431-86B5-CBF677EDCE2E}.Debug|x86.ActiveCfg = Debug|Any CPU
		{3E5295B5-C304-4431-86B5-CBF677EDCE2E}.Debug|x86.Build.0 = Debug|Any CPU
		{3E5295B5-C304-4431-86B5-CBF677EDCE2E}.Release|Any CPU.ActiveCfg = Release|Any CPU
		{3E5295B5-C304-4431-86B5-CBF677EDCE2E}.Release|Any CPU.Build.0 = Release|Any CPU
		{3E5295B5-C304-4431-86B5-CBF677EDCE2E}.Release|x64.ActiveCfg = Release|Any CPU
		{3E5295B5-C304-4431-86B5-CBF677EDCE2E}.Release|x64.Build.0 = Release|Any CPU
		{3E5295B5-C304-4431-86B5-CBF677EDCE2E}.Release|x86.ActiveCfg = Release|Any CPU
		{3E5295B5-C304-4431-86B5-CBF677EDCE2E}.Release|x86.Build.0 = Release|Any CPU
		{16A0E3B2-8E77-4474-A986-F4618BC741F5}.Debug|Any CPU.ActiveCfg = Debug|Any CPU
		{16A0E3B2-8E77-4474-A986-F4618BC741F5}.Debug|Any CPU.Build.0 = Debug|Any CPU
		{16A0E3B2-8E77-4474-A986-F4618BC741F5}.Debug|x64.ActiveCfg = Debug|Any CPU
		{16A0E3B2-8E77-4474-A986-F4618BC741F5}.Debug|x64.Build.0 = Debug|Any CPU
		{16A0E3B2-8E77-4474-A986-F4618BC741F5}.Debug|x86.ActiveCfg = Debug|Any CPU
		{16A0E3B2-8E77-4474-A986-F4618BC741F5}.Debug|x86.Build.0 = Debug|Any CPU
		{16A0E3B2-8E77-4474-A986-F4618BC741F5}.Release|Any CPU.ActiveCfg = Release|Any CPU
		{16A0E3B2-8E77-4474-A986-F4618BC741F5}.Release|Any CPU.Build.0 = Release|Any CPU
		{16A0E3B2-8E77-4474-A986-F4618BC741F5}.Release|x64.ActiveCfg = Release|Any CPU
		{16A0E3B2-8E77-4474-A986-F4618BC741F5}.Release|x64.Build.0 = Release|Any CPU
		{16A0E3B2-8E77-4474-A986-F4618BC741F5}.Release|x86.ActiveCfg = Release|Any CPU
		{16A0E3B2-8E77-4474-A986-F4618BC741F5}.Release|x86.Build.0 = Release|Any CPU
		{4D2DC9A8-089F-4686-9211-81AD930FF6DD}.Debug|Any CPU.ActiveCfg = Debug|Any CPU
		{4D2DC9A8-089F-4686-9211-81AD930FF6DD}.Debug|Any CPU.Build.0 = Debug|Any CPU
		{4D2DC9A8-089F-4686-9211-81AD930FF6DD}.Debug|x64.ActiveCfg = Debug|Any CPU
		{4D2DC9A8-089F-4686-9211-81AD930FF6DD}.Debug|x64.Build.0 = Debug|Any CPU
		{4D2DC9A8-089F-4686-9211-81AD930FF6DD}.Debug|x86.ActiveCfg = Debug|Any CPU
		{4D2DC9A8-089F-4686-9211-81AD930FF6DD}.Debug|x86.Build.0 = Debug|Any CPU
		{4D2DC9A8-089F-4686-9211-81AD930FF6DD}.Release|Any CPU.ActiveCfg = Release|Any CPU
		{4D2DC9A8-089F-4686-9211-81AD930FF6DD}.Release|Any CPU.Build.0 = Release|Any CPU
		{4D2DC9A8-089F-4686-9211-81AD930FF6DD}.Release|x64.ActiveCfg = Release|Any CPU
		{4D2DC9A8-089F-4686-9211-81AD930FF6DD}.Release|x64.Build.0 = Release|Any CPU
		{4D2DC9A8-089F-4686-9211-81AD930FF6DD}.Release|x86.ActiveCfg = Release|Any CPU
		{4D2DC9A8-089F-4686-9211-81AD930FF6DD}.Release|x86.Build.0 = Release|Any CPU
		{0EFF9A3B-27C5-43C0-BEA3-0DF6C29FE647}.Debug|Any CPU.ActiveCfg = Debug|Any CPU
		{0EFF9A3B-27C5-43C0-BEA3-0DF6C29FE647}.Debug|Any CPU.Build.0 = Debug|Any CPU
		{0EFF9A3B-27C5-43C0-BEA3-0DF6C29FE647}.Debug|x64.ActiveCfg = Debug|Any CPU
		{0EFF9A3B-27C5-43C0-BEA3-0DF6C29FE647}.Debug|x64.Build.0 = Debug|Any CPU
		{0EFF9A3B-27C5-43C0-BEA3-0DF6C29FE647}.Debug|x86.ActiveCfg = Debug|Any CPU
		{0EFF9A3B-27C5-43C0-BEA3-0DF6C29FE647}.Debug|x86.Build.0 = Debug|Any CPU
		{0EFF9A3B-27C5-43C0-BEA3-0DF6C29FE647}.Release|Any CPU.ActiveCfg = Release|Any CPU
		{0EFF9A3B-27C5-43C0-BEA3-0DF6C29FE647}.Release|Any CPU.Build.0 = Release|Any CPU
		{0EFF9A3B-27C5-43C0-BEA3-0DF6C29FE647}.Release|x64.ActiveCfg = Release|Any CPU
		{0EFF9A3B-27C5-43C0-BEA3-0DF6C29FE647}.Release|x64.Build.0 = Release|Any CPU
		{0EFF9A3B-27C5-43C0-BEA3-0DF6C29FE647}.Release|x86.ActiveCfg = Release|Any CPU
		{0EFF9A3B-27C5-43C0-BEA3-0DF6C29FE647}.Release|x86.Build.0 = Release|Any CPU
	EndGlobalSection
	GlobalSection(SolutionProperties) = preSolution
		HideSolutionNode = FALSE
	EndGlobalSection
	GlobalSection(NestedProjects) = preSolution
		{35FD6F62-4A5D-43D0-80D8-87AF1C1D6A6A} = {827E0CD3-B72D-47B6-A68D-7590B98EB39B}
		{3E5295B5-C304-4431-86B5-CBF677EDCE2E} = {827E0CD3-B72D-47B6-A68D-7590B98EB39B}
		{16A0E3B2-8E77-4474-A986-F4618BC741F5} = {827E0CD3-B72D-47B6-A68D-7590B98EB39B}
		{4D2DC9A8-089F-4686-9211-81AD930FF6DD} = {827E0CD3-B72D-47B6-A68D-7590B98EB39B}
		{0EFF9A3B-27C5-43C0-BEA3-0DF6C29FE647} = {0AB3BF05-4346-4AA6-1389-037BE0695223}
	EndGlobalSection
EndGlobal
